// !$*UTF8*$!
{
	archiveVersion = 1;
	classes = {
	};
	objectVersion = 77;
	objects = {

/* Begin PBXContainerItemProxy section */
		4840FB3A2CF00B7000F71B50 /* PBXContainerItemProxy */ = {
			isa = PBXContainerItemProxy;
			containerPortal = 4840FB212CF00B6F00F71B50 /* Project object */;
			proxyType = 1;
			remoteGlobalIDString = 4840FB282CF00B6F00F71B50;
			remoteInfo = MelissaCard;
		};
		4840FB442CF00B7000F71B50 /* PBXContainerItemProxy */ = {
			isa = PBXContainerItemProxy;
			containerPortal = 4840FB212CF00B6F00F71B50 /* Project object */;
			proxyType = 1;
			remoteGlobalIDString = 4840FB282CF00B6F00F71B50;
			remoteInfo = MelissaCard;
		};
/* End PBXContainerItemProxy section */

/* Begin PBXFileReference section */
		4840FB292CF00B6F00F71B50 /* MelissaCard.app */ = {isa = PBXFileReference; explicitFileType = wrapper.application; includeInIndex = 0; path = MelissaCard.app; sourceTree = BUILT_PRODUCTS_DIR; };
		4840FB392CF00B7000F71B50 /* MelissaCardTests.xctest */ = {isa = PBXFileReference; explicitFileType = wrapper.cfbundle; includeInIndex = 0; path = MelissaCardTests.xctest; sourceTree = BUILT_PRODUCTS_DIR; };
		4840FB432CF00B7000F71B50 /* MelissaCardUITests.xctest */ = {isa = PBXFileReference; explicitFileType = wrapper.cfbundle; includeInIndex = 0; path = MelissaCardUITests.xctest; sourceTree = BUILT_PRODUCTS_DIR; };
/* End PBXFileReference section */

/* Begin PBXFileSystemSynchronizedBuildFileExceptionSet section */
		4840FB6B2CF00FD300F71B50 /* Exceptions for "MelissaCard" folder in "MelissaCard" target */ = {
			isa = PBXFileSystemSynchronizedBuildFileExceptionSet;
			membershipExceptions = (
				Info.plist,
			);
			target = 4840FB282CF00B6F00F71B50 /* MelissaCard */;
		};
/* End PBXFileSystemSynchronizedBuildFileExceptionSet section */

/* Begin PBXFileSystemSynchronizedRootGroup section */
		4840FB2B2CF00B6F00F71B50 /* MelissaCard */ = {
			isa = PBXFileSystemSynchronizedRootGroup;
			exceptions = (
				4840FB6B2CF00FD300F71B50 /* Exceptions for "MelissaCard" folder in "MelissaCard" target */,
			);
			path = MelissaCard;
			sourceTree = "<group>";
		};
		4840FB3C2CF00B7000F71B50 /* MelissaCardTests */ = {
			isa = PBXFileSystemSynchronizedRootGroup;
			path = MelissaCardTests;
			sourceTree = "<group>";
		};
		4840FB462CF00B7000F71B50 /* MelissaCardUITests */ = {
			isa = PBXFileSystemSynchronizedRootGroup;
			path = MelissaCardUITests;
			sourceTree = "<group>";
		};
/* End PBXFileSystemSynchronizedRootGroup section */

/* Begin PBXFrameworksBuildPhase section */
		4840FB262CF00B6F00F71B50 /* Frameworks */ = {
			isa = PBXFrameworksBuildPhase;
			buildActionMask = 2147483647;
			files = (
			);
			runOnlyForDeploymentPostprocessing = 0;
		};
		4840FB362CF00B7000F71B50 /* Frameworks */ = {
			isa = PBXFrameworksBuildPhase;
			buildActionMask = 2147483647;
			files = (
			);
			runOnlyForDeploymentPostprocessing = 0;
		};
		4840FB402CF00B7000F71B50 /* Frameworks */ = {
			isa = PBXFrameworksBuildPhase;
			buildActionMask = 2147483647;
			files = (
			);
			runOnlyForDeploymentPostprocessing = 0;
		};
/* End PBXFrameworksBuildPhase section */

/* Begin PBXGroup section */
		4840FB202CF00B6F00F71B50 = {
			isa = PBXGroup;
			children = (
				4840FB2B2CF00B6F00F71B50 /* MelissaCard */,
				4840FB3C2CF00B7000F71B50 /* MelissaCardTests */,
				4840FB462CF00B7000F71B50 /* MelissaCardUITests */,
				4840FB2A2CF00B6F00F71B50 /* Products */,
			);
			sourceTree = "<group>";
		};
		4840FB2A2CF00B6F00F71B50 /* Products */ = {
			isa = PBXGroup;
			children = (
				4840FB292CF00B6F00F71B50 /* MelissaCard.app */,
				4840FB392CF00B7000F71B50 /* MelissaCardTests.xctest */,
				4840FB432CF00B7000F71B50 /* MelissaCardUITests.xctest */,
			);
			name = Products;
			sourceTree = "<group>";
		};
/* End PBXGroup section */

/* Begin PBXNativeTarget section */
		4840FB282CF00B6F00F71B50 /* MelissaCard */ = {
			isa = PBXNativeTarget;
			buildConfigurationList = 4840FB4D2CF00B7000F71B50 /* Build configuration list for PBXNativeTarget "MelissaCard" */;
			buildPhases = (
				4840FB252CF00B6F00F71B50 /* Sources */,
				4840FB262CF00B6F00F71B50 /* Frameworks */,
				4840FB272CF00B6F00F71B50 /* Resources */,
			);
			buildRules = (
			);
			dependencies = (
			);
			fileSystemSynchronizedGroups = (
				4840FB2B2CF00B6F00F71B50 /* MelissaCard */,
			);
			name = MelissaCard;
			packageProductDependencies = (
			);
			productName = MelissaCard;
			productReference = 4840FB292CF00B6F00F71B50 /* MelissaCard.app */;
			productType = "com.apple.product-type.application";
		};
		4840FB382CF00B7000F71B50 /* MelissaCardTests */ = {
			isa = PBXNativeTarget;
			buildConfigurationList = 4840FB502CF00B7000F71B50 /* Build configuration list for PBXNativeTarget "MelissaCardTests" */;
			buildPhases = (
				4840FB352CF00B7000F71B50 /* Sources */,
				4840FB362CF00B7000F71B50 /* Frameworks */,
				4840FB372CF00B7000F71B50 /* Resources */,
			);
			buildRules = (
			);
			dependencies = (
				4840FB3B2CF00B7000F71B50 /* PBXTargetDependency */,
			);
			fileSystemSynchronizedGroups = (
				4840FB3C2CF00B7000F71B50 /* MelissaCardTests */,
			);
			name = MelissaCardTests;
			packageProductDependencies = (
			);
			productName = MelissaCardTests;
			productReference = 4840FB392CF00B7000F71B50 /* MelissaCardTests.xctest */;
			productType = "com.apple.product-type.bundle.unit-test";
		};
		4840FB422CF00B7000F71B50 /* MelissaCardUITests */ = {
			isa = PBXNativeTarget;
			buildConfigurationList = 4840FB532CF00B7000F71B50 /* Build configuration list for PBXNativeTarget "MelissaCardUITests" */;
			buildPhases = (
				4840FB3F2CF00B7000F71B50 /* Sources */,
				4840FB402CF00B7000F71B50 /* Frameworks */,
				4840FB412CF00B7000F71B50 /* Resources */,
			);
			buildRules = (
			);
			dependencies = (
				4840FB452CF00B7000F71B50 /* PBXTargetDependency */,
			);
			fileSystemSynchronizedGroups = (
				4840FB462CF00B7000F71B50 /* MelissaCardUITests */,
			);
			name = MelissaCardUITests;
			packageProductDependencies = (
			);
			productName = MelissaCardUITests;
			productReference = 4840FB432CF00B7000F71B50 /* MelissaCardUITests.xctest */;
			productType = "com.apple.product-type.bundle.ui-testing";
		};
/* End PBXNativeTarget section */

/* Begin PBXProject section */
		4840FB212CF00B6F00F71B50 /* Project object */ = {
			isa = PBXProject;
			attributes = {
				BuildIndependentTargetsInParallel = 1;
				LastSwiftUpdateCheck = 1600;
				LastUpgradeCheck = 1600;
				TargetAttributes = {
					4840FB282CF00B6F00F71B50 = {
						CreatedOnToolsVersion = 16.0;
					};
					4840FB382CF00B7000F71B50 = {
						CreatedOnToolsVersion = 16.0;
						TestTargetID = 4840FB282CF00B6F00F71B50;
					};
					4840FB422CF00B7000F71B50 = {
						CreatedOnToolsVersion = 16.0;
						TestTargetID = 4840FB282CF00B6F00F71B50;
					};
				};
			};
			buildConfigurationList = 4840FB242CF00B6F00F71B50 /* Build configuration list for PBXProject "MelissaCard" */;
			developmentRegion = en;
			hasScannedForEncodings = 0;
			knownRegions = (
				en,
				Base,
			);
			mainGroup = 4840FB202CF00B6F00F71B50;
			minimizedProjectReferenceProxies = 1;
			preferredProjectObjectVersion = 77;
			productRefGroup = 4840FB2A2CF00B6F00F71B50 /* Products */;
			projectDirPath = "";
			projectRoot = "";
			targets = (
				4840FB282CF00B6F00F71B50 /* MelissaCard */,
				4840FB382CF00B7000F71B50 /* MelissaCardTests */,
				4840FB422CF00B7000F71B50 /* MelissaCardUITests */,
			);
		};
/* End PBXProject section */

/* Begin PBXResourcesBuildPhase section */
		4840FB272CF00B6F00F71B50 /* Resources */ = {
			isa = PBXResourcesBuildPhase;
			buildActionMask = 2147483647;
			files = (
			);
			runOnlyForDeploymentPostprocessing = 0;
		};
		4840FB372CF00B7000F71B50 /* Resources */ = {
			isa = PBXResourcesBuildPhase;
			buildActionMask = 2147483647;
			files = (
			);
			runOnlyForDeploymentPostprocessing = 0;
		};
		4840FB412CF00B7000F71B50 /* Resources */ = {
			isa = PBXResourcesBuildPhase;
			buildActionMask = 2147483647;
			files = (
			);
			runOnlyForDeploymentPostprocessing = 0;
		};
/* End PBXResourcesBuildPhase section */

/* Begin PBXSourcesBuildPhase section */
		4840FB252CF00B6F00F71B50 /* Sources */ = {
			isa = PBXSourcesBuildPhase;
			buildActionMask = 2147483647;
			files = (
			);
			runOnlyForDeploymentPostprocessing = 0;
		};
		4840FB352CF00B7000F71B50 /* Sources */ = {
			isa = PBXSourcesBuildPhase;
			buildActionMask = 2147483647;
			files = (
			);
			runOnlyForDeploymentPostprocessing = 0;
		};
		4840FB3F2CF00B7000F71B50 /* Sources */ = {
			isa = PBXSourcesBuildPhase;
			buildActionMask = 2147483647;
			files = (
			);
			runOnlyForDeploymentPostprocessing = 0;
		};
/* End PBXSourcesBuildPhase section */

/* Begin PBXTargetDependency section */
		4840FB3B2CF00B7000F71B50 /* PBXTargetDependency */ = {
			isa = PBXTargetDependency;
			target = 4840FB282CF00B6F00F71B50 /* MelissaCard */;
			targetProxy = 4840FB3A2CF00B7000F71B50 /* PBXContainerItemProxy */;
		};
		4840FB452CF00B7000F71B50 /* PBXTargetDependency */ = {
			isa = PBXTargetDependency;
			target = 4840FB282CF00B6F00F71B50 /* MelissaCard */;
			targetProxy = 4840FB442CF00B7000F71B50 /* PBXContainerItemProxy */;
		};
/* End PBXTargetDependency section */

/* Begin XCBuildConfiguration section */
		4840FB4B2CF00B7000F71B50 /* Debug */ = {
			isa = XCBuildConfiguration;
			buildSettings = {
				ALWAYS_SEARCH_USER_PATHS = NO;
				ASSETCATALOG_COMPILER_GENERATE_SWIFT_ASSET_SYMBOL_EXTENSIONS = YES;
				CLANG_ANALYZER_NONNULL = YES;
				CLANG_ANALYZER_NUMBER_OBJECT_CONVERSION = YES_AGGRESSIVE;
				CLANG_CXX_LANGUAGE_STANDARD = "gnu++20";
				CLANG_ENABLE_MODULES = YES;
				CLANG_ENABLE_OBJC_ARC = YES;
				CLANG_ENABLE_OBJC_WEAK = YES;
				CLANG_WARN_BLOCK_CAPTURE_AUTORELEASING = YES;
				CLANG_WARN_BOOL_CONVERSION = YES;
				CLANG_WARN_COMMA = YES;
				CLANG_WARN_CONSTANT_CONVERSION = YES;
				CLANG_WARN_DEPRECATED_OBJC_IMPLEMENTATIONS = YES;
				CLANG_WARN_DIRECT_OBJC_ISA_USAGE = YES_ERROR;
				CLANG_WARN_DOCUMENTATION_COMMENTS = YES;
				CLANG_WARN_EMPTY_BODY = YES;
				CLANG_WARN_ENUM_CONVERSION = YES;
				CLANG_WARN_INFINITE_RECURSION = YES;
				CLANG_WARN_INT_CONVERSION = YES;
				CLANG_WARN_NON_LITERAL_NULL_CONVERSION = YES;
				CLANG_WARN_OBJC_IMPLICIT_RETAIN_SELF = YES;
				CLANG_WARN_OBJC_LITERAL_CONVERSION = YES;
				CLANG_WARN_OBJC_ROOT_CLASS = YES_ERROR;
				CLANG_WARN_QUOTED_INCLUDE_IN_FRAMEWORK_HEADER = YES;
				CLANG_WARN_RANGE_LOOP_ANALYSIS = YES;
				CLANG_WARN_STRICT_PROTOTYPES = YES;
				CLANG_WARN_SUSPICIOUS_MOVE = YES;
				CLANG_WARN_UNGUARDED_AVAILABILITY = YES_AGGRESSIVE;
				CLANG_WARN_UNREACHABLE_CODE = YES;
				CLANG_WARN__DUPLICATE_METHOD_MATCH = YES;
				COPY_PHASE_STRIP = NO;
				DEBUG_INFORMATION_FORMAT = dwarf;
				ENABLE_STRICT_OBJC_MSGSEND = YES;
				ENABLE_TESTABILITY = YES;
				ENABLE_USER_SCRIPT_SANDBOXING = YES;
				GCC_C_LANGUAGE_STANDARD = gnu17;
				GCC_DYNAMIC_NO_PIC = NO;
				GCC_NO_COMMON_BLOCKS = YES;
				GCC_OPTIMIZATION_LEVEL = 0;
				GCC_PREPROCESSOR_DEFINITIONS = (
					"DEBUG=1",
					"$(inherited)",
				);
				GCC_WARN_64_TO_32_BIT_CONVERSION = YES;
				GCC_WARN_ABOUT_RETURN_TYPE = YES_ERROR;
				GCC_WARN_UNDECLARED_SELECTOR = YES;
				GCC_WARN_UNINITIALIZED_AUTOS = YES_AGGRESSIVE;
				GCC_WARN_UNUSED_FUNCTION = YES;
				GCC_WARN_UNUSED_VARIABLE = YES;
				IPHONEOS_DEPLOYMENT_TARGET = 18.0;
				LOCALIZATION_PREFERS_STRING_CATALOGS = YES;
				MTL_ENABLE_DEBUG_INFO = INCLUDE_SOURCE;
				MTL_FAST_MATH = YES;
				ONLY_ACTIVE_ARCH = YES;
				SDKROOT = iphoneos;
				SWIFT_ACTIVE_COMPILATION_CONDITIONS = "DEBUG $(inherited)";
				SWIFT_OPTIMIZATION_LEVEL = "-Onone";
			};
			name = Debug;
		};
		4840FB4C2CF00B7000F71B50 /* Release */ = {
			isa = XCBuildConfiguration;
			buildSettings = {
				ALWAYS_SEARCH_USER_PATHS = NO;
				ASSETCATALOG_COMPILER_GENERATE_SWIFT_ASSET_SYMBOL_EXTENSIONS = YES;
				CLANG_ANALYZER_NONNULL = YES;
				CLANG_ANALYZER_NUMBER_OBJECT_CONVERSION = YES_AGGRESSIVE;
				CLANG_CXX_LANGUAGE_STANDARD = "gnu++20";
				CLANG_ENABLE_MODULES = YES;
				CLANG_ENABLE_OBJC_ARC = YES;
				CLANG_ENABLE_OBJC_WEAK = YES;
				CLANG_WARN_BLOCK_CAPTURE_AUTORELEASING = YES;
				CLANG_WARN_BOOL_CONVERSION = YES;
				CLANG_WARN_COMMA = YES;
				CLANG_WARN_CONSTANT_CONVERSION = YES;
				CLANG_WARN_DEPRECATED_OBJC_IMPLEMENTATIONS = YES;
				CLANG_WARN_DIRECT_OBJC_ISA_USAGE = YES_ERROR;
				CLANG_WARN_DOCUMENTATION_COMMENTS = YES;
				CLANG_WARN_EMPTY_BODY = YES;
				CLANG_WARN_ENUM_CONVERSION = YES;
				CLANG_WARN_INFINITE_RECURSION = YES;
				CLANG_WARN_INT_CONVERSION = YES;
				CLANG_WARN_NON_LITERAL_NULL_CONVERSION = YES;
				CLANG_WARN_OBJC_IMPLICIT_RETAIN_SELF = YES;
				CLANG_WARN_OBJC_LITERAL_CONVERSION = YES;
				CLANG_WARN_OBJC_ROOT_CLASS = YES_ERROR;
				CLANG_WARN_QUOTED_INCLUDE_IN_FRAMEWORK_HEADER = YES;
				CLANG_WARN_RANGE_LOOP_ANALYSIS = YES;
				CLANG_WARN_STRICT_PROTOTYPES = YES;
				CLANG_WARN_SUSPICIOUS_MOVE = YES;
				CLANG_WARN_UNGUARDED_AVAILABILITY = YES_AGGRESSIVE;
				CLANG_WARN_UNREACHABLE_CODE = YES;
				CLANG_WARN__DUPLICATE_METHOD_MATCH = YES;
				COPY_PHASE_STRIP = NO;
				DEBUG_INFORMATION_FORMAT = "dwarf-with-dsym";
				ENABLE_NS_ASSERTIONS = NO;
				ENABLE_STRICT_OBJC_MSGSEND = YES;
				ENABLE_USER_SCRIPT_SANDBOXING = YES;
				GCC_C_LANGUAGE_STANDARD = gnu17;
				GCC_NO_COMMON_BLOCKS = YES;
				GCC_WARN_64_TO_32_BIT_CONVERSION = YES;
				GCC_WARN_ABOUT_RETURN_TYPE = YES_ERROR;
				GCC_WARN_UNDECLARED_SELECTOR = YES;
				GCC_WARN_UNINITIALIZED_AUTOS = YES_AGGRESSIVE;
				GCC_WARN_UNUSED_FUNCTION = YES;
				GCC_WARN_UNUSED_VARIABLE = YES;
				IPHONEOS_DEPLOYMENT_TARGET = 18.0;
				LOCALIZATION_PREFERS_STRING_CATALOGS = YES;
				MTL_ENABLE_DEBUG_INFO = NO;
				MTL_FAST_MATH = YES;
				SDKROOT = iphoneos;
				SWIFT_COMPILATION_MODE = wholemodule;
				VALIDATE_PRODUCT = YES;
			};
			name = Release;
		};
		4840FB4E2CF00B7000F71B50 /* Debug */ = {
			isa = XCBuildConfiguration;
			buildSettings = {
				ASSETCATALOG_COMPILER_APPICON_NAME = AppIcon;
				ASSETCATALOG_COMPILER_GLOBAL_ACCENT_COLOR_NAME = AccentColor;
				CODE_SIGN_STYLE = Automatic;
				CURRENT_PROJECT_VERSION = 1;
				DEVELOPMENT_ASSET_PATHS = "\"MelissaCard/Preview Content\"";
				ENABLE_PREVIEWS = YES;
				GENERATE_INFOPLIST_FILE = YES;
				INFOPLIST_FILE = MelissaCard/Info.plist;
				INFOPLIST_KEY_UIApplicationSceneManifest_Generation = YES;
				INFOPLIST_KEY_UIApplicationSupportsIndirectInputEvents = YES;
				INFOPLIST_KEY_UILaunchScreen_Generation = YES;
				INFOPLIST_KEY_UISupportedInterfaceOrientations_iPad = "UIInterfaceOrientationPortrait UIInterfaceOrientationPortraitUpsideDown UIInterfaceOrientationLandscapeLeft UIInterfaceOrientationLandscapeRight";
				INFOPLIST_KEY_UISupportedInterfaceOrientations_iPhone = "UIInterfaceOrientationPortrait UIInterfaceOrientationLandscapeLeft UIInterfaceOrientationLandscapeRight";
				LD_RUNPATH_SEARCH_PATHS = (
					"$(inherited)",
					"@executable_path/Frameworks",
				);
				MARKETING_VERSION = 1.0;
				PRODUCT_BUNDLE_IDENTIFIER = com.melissaeb.MelissaCard;
				PRODUCT_NAME = "$(TARGET_NAME)";
				SWIFT_EMIT_LOC_STRINGS = YES;
				SWIFT_VERSION = 5.0;
				TARGETED_DEVICE_FAMILY = "1,2";
			};
			name = Debug;
		};
		4840FB4F2CF00B7000F71B50 /* Release */ = {
			isa = XCBuildConfiguration;
			buildSettings = {
				ASSETCATALOG_COMPILER_APPICON_NAME = AppIcon;
				ASSETCATALOG_COMPILER_GLOBAL_ACCENT_COLOR_NAME = AccentColor;
				CODE_SIGN_STYLE = Automatic;
				CURRENT_PROJECT_VERSION = 1;
				DEVELOPMENT_ASSET_PATHS = "\"MelissaCard/Preview Content\"";
				ENABLE_PREVIEWS = YES;
				GENERATE_INFOPLIST_FILE = YES;
				INFOPLIST_FILE = MelissaCard/Info.plist;
				INFOPLIST_KEY_UIApplicationSceneManifest_Generation = YES;
				INFOPLIST_KEY_UIApplicationSupportsIndirectInputEvents = YES;
				INFOPLIST_KEY_UILaunchScreen_Generation = YES;
				INFOPLIST_KEY_UISupportedInterfaceOrientations_iPad = "UIInterfaceOrientationPortrait UIInterfaceOrientationPortraitUpsideDown UIInterfaceOrientationLandscapeLeft UIInterfaceOrientationLandscapeRight";
				INFOPLIST_KEY_UISupportedInterfaceOrientations_iPhone = "UIInterfaceOrientationPortrait UIInterfaceOrientationLandscapeLeft UIInterfaceOrientationLandscapeRight";
				LD_RUNPATH_SEARCH_PATHS = (
					"$(inherited)",
					"@executable_path/Frameworks",
				);
				MARKETING_VERSION = 1.0;
				PRODUCT_BUNDLE_IDENTIFIER = com.melissaeb.MelissaCard;
				PRODUCT_NAME = "$(TARGET_NAME)";
				SWIFT_EMIT_LOC_STRINGS = YES;
				SWIFT_VERSION = 5.0;
				TARGETED_DEVICE_FAMILY = "1,2";
			};
			name = Release;
		};
		4840FB512CF00B7000F71B50 /* Debug */ = {
			isa = XCBuildConfiguration;
			buildSettings = {
				BUNDLE_LOADER = "$(TEST_HOST)";
				CODE_SIGN_STYLE = Automatic;
				CURRENT_PROJECT_VERSION = 1;
				GENERATE_INFOPLIST_FILE = YES;
				IPHONEOS_DEPLOYMENT_TARGET = 18.0;
				MARKETING_VERSION = 1.0;
				PRODUCT_BUNDLE_IDENTIFIER = com.melissaeb.MelissaCardTests;
				PRODUCT_NAME = "$(TARGET_NAME)";
				SWIFT_EMIT_LOC_STRINGS = NO;
				SWIFT_VERSION = 5.0;
				TARGETED_DEVICE_FAMILY = "1,2";
				TEST_HOST = "$(BUILT_PRODUCTS_DIR)/MelissaCard.app/$(BUNDLE_EXECUTABLE_FOLDER_PATH)/MelissaCard";
			};
			name = Debug;
		};
		4840FB522CF00B7000F71B50 /* Release */ = {
			isa = XCBuildConfiguration;
			buildSettings = {
				BUNDLE_LOADER = "$(TEST_HOST)";
				CODE_SIGN_STYLE = Automatic;
				CURRENT_PROJECT_VERSION = 1;
				GENERATE_INFOPLIST_FILE = YES;
				IPHONEOS_DEPLOYMENT_TARGET = 18.0;
				MARKETING_VERSION = 1.0;
				PRODUCT_BUNDLE_IDENTIFIER = com.melissaeb.MelissaCardTests;
				PRODUCT_NAME = "$(TARGET_NAME)";
				SWIFT_EMIT_LOC_STRINGS = NO;
				SWIFT_VERSION = 5.0;
				TARGETED_DEVICE_FAMILY = "1,2";
				TEST_HOST = "$(BUILT_PRODUCTS_DIR)/MelissaCard.app/$(BUNDLE_EXECUTABLE_FOLDER_PATH)/MelissaCard";
			};
			name = Release;
		};
		4840FB542CF00B7000F71B50 /* Debug */ = {
			isa = XCBuildConfiguration;
			buildSettings = {
				CODE_SIGN_STYLE = Automatic;
				CURRENT_PROJECT_VERSION = 1;
				GENERATE_INFOPLIST_FILE = YES;
				MARKETING_VERSION = 1.0;
				PRODUCT_BUNDLE_IDENTIFIER = com.melissaeb.MelissaCardUITests;
				PRODUCT_NAME = "$(TARGET_NAME)";
				SWIFT_EMIT_LOC_STRINGS = NO;
				SWIFT_VERSION = 5.0;
				TARGETED_DEVICE_FAMILY = "1,2";
				TEST_TARGET_NAME = MelissaCard;
			};
			name = Debug;
		};
		4840FB552CF00B7000F71B50 /* Release */ = {
			isa = XCBuildConfiguration;
			buildSettings = {
				CODE_SIGN_STYLE = Automatic;
				CURRENT_PROJECT_VERSION = 1;
				GENERATE_INFOPLIST_FILE = YES;
				MARKETING_VERSION = 1.0;
				PRODUCT_BUNDLE_IDENTIFIER = com.melissaeb.MelissaCardUITests;
				PRODUCT_NAME = "$(TARGET_NAME)";
				SWIFT_EMIT_LOC_STRINGS = NO;
				SWIFT_VERSION = 5.0;
				TARGETED_DEVICE_FAMILY = "1,2";
				TEST_TARGET_NAME = MelissaCard;
			};
			name = Release;
		};
/* End XCBuildConfiguration section */

/* Begin XCConfigurationList section */
		4840FB242CF00B6F00F71B50 /* Build configuration list for PBXProject "MelissaCard" */ = {
			isa = XCConfigurationList;
			buildConfigurations = (
				4840FB4B2CF00B7000F71B50 /* Debug */,
				4840FB4C2CF00B7000F71B50 /* Release */,
			);
			defaultConfigurationIsVisible = 0;
			defaultConfigurationName = Release;
		};
		4840FB4D2CF00B7000F71B50 /* Build configuration list for PBXNativeTarget "MelissaCard" */ = {
			isa = XCConfigurationList;
			buildConfigurations = (
				4840FB4E2CF00B7000F71B50 /* Debug */,
				4840FB4F2CF00B7000F71B50 /* Release */,
			);
			defaultConfigurationIsVisible = 0;
			defaultConfigurationName = Release;
		};
		4840FB502CF00B7000F71B50 /* Build configuration list for PBXNativeTarget "MelissaCardTests" */ = {
			isa = XCConfigurationList;
			buildConfigurations = (
				4840FB512CF00B7000F71B50 /* Debug */,
				4840FB522CF00B7000F71B50 /* Release */,
			);
			defaultConfigurationIsVisible = 0;
			defaultConfigurationName = Release;
		};
		4840FB532CF00B7000F71B50 /* Build configuration list for PBXNativeTarget "MelissaCardUITests" */ = {
			isa = XCConfigurationList;
			buildConfigurations = (
				4840FB542CF00B7000F71B50 /* Debug */,
				4840FB552CF00B7000F71B50 /* Release */,
			);
			defaultConfigurationIsVisible = 0;
			defaultConfigurationName = Release;
		};
/* End XCConfigurationList section */
	};
	rootObject = 4840FB212CF00B6F00F71B50 /* Project object */;
}
